
Microsoft Visual Studio Solution File, Format Version 12.00
# Visual Studio Version 17
VisualStudioVersion = 17.11.34909.67
MinimumVisualStudioVersion = 10.0.40219.1
Project("{FAE04EC0-301F-11D3-BF4B-00C04F79EFBC}") = "Quiz Game", "Quiz Game\Quiz Game.csproj", "{115D65F1-20EE-4940-89D2-1E3462DEA4B1}"
EndProject
Global
	GlobalSection(SolutionConfigurationPlatforms) = preSolution
		Debug|Any CPU = Debug|Any CPU
		Release|Any CPU = Release|Any CPU
	EndGlobalSection
	GlobalSection(ProjectConfigurationPlatforms) = postSolution
		{115D65F1-20EE-4940-89D2-1E3462DEA4B1}.Debug|Any CPU.ActiveCfg = Debug|Any CPU
		{115D65F1-20EE-4940-89D2-1E3462DEA4B1}.Debug|Any CPU.Build.0 = Debug|Any CPU
		{115D65F1-20EE-4940-89D2-1E3462DEA4B1}.Release|Any CPU.ActiveCfg = Release|Any CPU
		{115D65F1-20EE-4940-89D2-1E3462DEA4B1}.Release|Any CPU.Build.0 = Release|Any CPU
	EndGlobalSection
	GlobalSection(SolutionProperties) = preSolution
		HideSolutionNode = FALSE
	EndGlobalSection
	GlobalSection(ExtensibilityGlobals) = postSolution
		SolutionGuid = {F49B90CD-A71C-4178-8627-242229CB66F4}
	EndGlobalSection
EndGlobal
