
Microsoft Visual Studio Solution File, Format Version 12.00
# Visual Studio Version 17
VisualStudioVersion = 17.11.34909.67
MinimumVisualStudioVersion = 10.0.40219.1
Project("{FAE04EC0-301F-11D3-BF4B-00C04F79EFBC}") = "Currency & Temperature Converter", "Currency & Temperature Converter\Currency & Temperature Converter.csproj", "{2A0F8DEA-6786-41B8-AF59-2B41529F825D}"
EndProject
Global
	GlobalSection(SolutionConfigurationPlatforms) = preSolution
		Debug|Any CPU = Debug|Any CPU
		Release|Any CPU = Release|Any CPU
	EndGlobalSection
	GlobalSection(ProjectConfigurationPlatforms) = postSolution
		{2A0F8DEA-6786-41B8-AF59-2B41529F825D}.Debug|Any CPU.ActiveCfg = Debug|Any CPU
		{2A0F8DEA-6786-41B8-AF59-2B41529F825D}.Debug|Any CPU.Build.0 = Debug|Any CPU
		{2A0F8DEA-6786-41B8-AF59-2B41529F825D}.Release|Any CPU.ActiveCfg = Release|Any CPU
		{2A0F8DEA-6786-41B8-AF59-2B41529F825D}.Release|Any CPU.Build.0 = Release|Any CPU
	EndGlobalSection
	GlobalSection(SolutionProperties) = preSolution
		HideSolutionNode = FALSE
	EndGlobalSection
	GlobalSection(ExtensibilityGlobals) = postSolution
		SolutionGuid = {C5732BBD-61F1-4AAD-966D-7EB2432ACB68}
	EndGlobalSection
EndGlobal
