
Microsoft Visual Studio Solution File, Format Version 12.00
# Visual Studio Version 17
VisualStudioVersion = 17.11.34909.67
MinimumVisualStudioVersion = 10.0.40219.1
Project("{FAE04EC0-301F-11D3-BF4B-00C04F79EFBC}") = "NumberGuessingGame", "NumberGuessingGame\NumberGuessingGame.csproj", "{65CCDB63-F36C-484D-B2AB-D083584466A7}"
EndProject
Global
	GlobalSection(SolutionConfigurationPlatforms) = preSolution
		Debug|Any CPU = Debug|Any CPU
		Release|Any CPU = Release|Any CPU
	EndGlobalSection
	GlobalSection(ProjectConfigurationPlatforms) = postSolution
		{65CCDB63-F36C-484D-B2AB-D083584466A7}.Debug|Any CPU.ActiveCfg = Debug|Any CPU
		{65CCDB63-F36C-484D-B2AB-D083584466A7}.Debug|Any CPU.Build.0 = Debug|Any CPU
		{65CCDB63-F36C-484D-B2AB-D083584466A7}.Release|Any CPU.ActiveCfg = Release|Any CPU
		{65CCDB63-F36C-484D-B2AB-D083584466A7}.Release|Any CPU.Build.0 = Release|Any CPU
	EndGlobalSection
	GlobalSection(SolutionProperties) = preSolution
		HideSolutionNode = FALSE
	EndGlobalSection
	GlobalSection(ExtensibilityGlobals) = postSolution
		SolutionGuid = {A68BBFFF-57B3-4B1E-A525-2A2416786267}
	EndGlobalSection
EndGlobal
