
Microsoft Visual Studio Solution File, Format Version 12.00
# Visual Studio Version 17
VisualStudioVersion = 17.11.34909.67
MinimumVisualStudioVersion = 10.0.40219.1
Project("{FAE04EC0-301F-11D3-BF4B-00C04F79EFBC}") = "Calculator", "Calculator\Calculator.csproj", "{57DB3E92-9B76-4CF8-AA07-7126A6D08636}"
EndProject
Global
	GlobalSection(SolutionConfigurationPlatforms) = preSolution
		Debug|Any CPU = Debug|Any CPU
		Release|Any CPU = Release|Any CPU
	EndGlobalSection
	GlobalSection(ProjectConfigurationPlatforms) = postSolution
		{57DB3E92-9B76-4CF8-AA07-7126A6D08636}.Debug|Any CPU.ActiveCfg = Debug|Any CPU
		{57DB3E92-9B76-4CF8-AA07-7126A6D08636}.Debug|Any CPU.Build.0 = Debug|Any CPU
		{57DB3E92-9B76-4CF8-AA07-7126A6D08636}.Release|Any CPU.ActiveCfg = Release|Any CPU
		{57DB3E92-9B76-4CF8-AA07-7126A6D08636}.Release|Any CPU.Build.0 = Release|Any CPU
	EndGlobalSection
	GlobalSection(SolutionProperties) = preSolution
		HideSolutionNode = FALSE
	EndGlobalSection
	GlobalSection(ExtensibilityGlobals) = postSolution
		SolutionGuid = {E0C126BA-2250-4C0E-B09E-5E463CB3462D}
	EndGlobalSection
EndGlobal
